lockfileVersion: '9.0'

settings:
  autoInstallPeers: true
  excludeLinksFromLockfile: false

importers:

  .:
    dependencies:
      swiper:
        specifier: ^11.2.10
        version: 11.2.10

packages:

  swiper@11.2.10:
    resolution: {integrity: sha512-RMeVUUjTQH+6N3ckimK93oxz6Sn5la4aDlgPzB+rBrG/smPdCTicXyhxa+woIpopz+jewEloiEE3lKo1h9w2YQ==}
    engines: {node: '>= 4.7.0'}

snapshots:

  swiper@11.2.10: {}
